lockfileVersion: '9.0'

settings:
  autoInstallPeers: true
  excludeLinksFromLockfile: false

importers:

  .:
    dependencies:
      fetch-readablestream:
        specifier: ^0.2.0
        version: 0.2.0
      web-streams-polyfill:
        specifier: ^4.1.0
        version: 4.1.0

packages:

  fetch-readablestream@0.2.0:
    resolution: {integrity: sha512-qu4mXWf4wus4idBIN/kVH+XSer8IZ9CwHP+Pd7DL7TuKNC1hP7ykon4kkBjwJF3EMX2WsFp4hH7gU7CyL7ucXw==}

  web-streams-polyfill@4.1.0:
    resolution: {integrity: sha512-A7Jxrg7+eV+eZR/CIdESDnRGFb6/bcKukGvJBB5snI6cw3is1c2qamkYstC1bY1p08TyMRlN9eTMkxmnKJBPBw==}
    engines: {node: '>= 8'}

snapshots:

  fetch-readablestream@0.2.0: {}

  web-streams-polyfill@4.1.0: {}
